
Microsoft Visual Studio Solution File, Format Version 12.00
# Visual Studio Version 17
VisualStudioVersion = 17.0.31903.59
MinimumVisualStudioVersion = 10.0.40219.1
Project("{2150E333-8FDC-42A3-9474-1A3956D46DE8}") = "src", "src", "{D0BDFC62-0F06-48A5-B9FB-ED93F6237FFD}"
EndProject
Project("{FAE04EC0-301F-11D3-BF4B-00C04F79EFBC}") = "PoliceChasePlugin", "src\PoliceChasePlugin\PoliceChasePlugin.csproj", "{F3A7F123-7C9C-4727-A4A6-7DEAF9A6236B}"
EndProject
Project("{2150E333-8FDC-42A3-9474-1A3956D46DE8}") = "tests", "tests", "{1B1C2C87-A7D5-4388-9EE8-D4BEB1E0E803}"
EndProject
Project("{FAE04EC0-301F-11D3-BF4B-00C04F79EFBC}") = "PoliceChasePlugin.Tests", "tests\PoliceChasePlugin.Tests\PoliceChasePlugin.Tests.csproj", "{8CD3A872-EA55-45E2-B6E3-2C9F54B21D21}"
EndProject
Global
	GlobalSection(SolutionConfigurationPlatforms) = preSolution
		Debug|Any CPU = Debug|Any CPU
		Release|Any CPU = Release|Any CPU
	EndGlobalSection
	GlobalSection(SolutionProperties) = preSolution
		HideSolutionNode = FALSE
	EndGlobalSection
	GlobalSection(ProjectConfigurationPlatforms) = postSolution
		{F3A7F123-7C9C-4727-A4A6-7DEAF9A6236B}.Debug|Any CPU.ActiveCfg = Debug|Any CPU
		{F3A7F123-7C9C-4727-A4A6-7DEAF9A6236B}.Debug|Any CPU.Build.0 = Debug|Any CPU
		{F3A7F123-7C9C-4727-A4A6-7DEAF9A6236B}.Release|Any CPU.ActiveCfg = Release|Any CPU
		{F3A7F123-7C9C-4727-A4A6-7DEAF9A6236B}.Release|Any CPU.Build.0 = Release|Any CPU
		{8CD3A872-EA55-45E2-B6E3-2C9F54B21D21}.Debug|Any CPU.ActiveCfg = Debug|Any CPU
		{8CD3A872-EA55-45E2-B6E3-2C9F54B21D21}.Debug|Any CPU.Build.0 = Debug|Any CPU
		{8CD3A872-EA55-45E2-B6E3-2C9F54B21D21}.Release|Any CPU.ActiveCfg = Release|Any CPU
		{8CD3A872-EA55-45E2-B6E3-2C9F54B21D21}.Release|Any CPU.Build.0 = Release|Any CPU
	EndGlobalSection
	GlobalSection(NestedProjects) = preSolution
		{F3A7F123-7C9C-4727-A4A6-7DEAF9A6236B} = {D0BDFC62-0F06-48A5-B9FB-ED93F6237FFD}
		{8CD3A872-EA55-45E2-B6E3-2C9F54B21D21} = {1B1C2C87-A7D5-4388-9EE8-D4BEB1E0E803}
	EndGlobalSection
EndGlobal
